
Microsoft Visual Studio Solution File, Format Version 12.00
# Visual Studio Version 17
VisualStudioVersion = 17.3.32929.385
MinimumVisualStudioVersion = 10.0.40219.1
Project("{FAE04EC0-301F-11D3-BF4B-00C04F79EFBC}") = "SQL_Day5_Q1", "SQL_Day5_Q1\SQL_Day5_Q1.csproj", "{539C7922-FB0E-4A0F-AE2E-B460CA638F8C}"
EndProject
Global
	GlobalSection(SolutionConfigurationPlatforms) = preSolution
		Debug|Any CPU = Debug|Any CPU
		Release|Any CPU = Release|Any CPU
	EndGlobalSection
	GlobalSection(ProjectConfigurationPlatforms) = postSolution
		{539C7922-FB0E-4A0F-AE2E-B460CA638F8C}.Debug|Any CPU.ActiveCfg = Debug|Any CPU
		{539C7922-FB0E-4A0F-AE2E-B460CA638F8C}.Debug|Any CPU.Build.0 = Debug|Any CPU
		{539C7922-FB0E-4A0F-AE2E-B460CA638F8C}.Release|Any CPU.ActiveCfg = Release|Any CPU
		{539C7922-FB0E-4A0F-AE2E-B460CA638F8C}.Release|Any CPU.Build.0 = Release|Any CPU
	EndGlobalSection
	GlobalSection(SolutionProperties) = preSolution
		HideSolutionNode = FALSE
	EndGlobalSection
	GlobalSection(ExtensibilityGlobals) = postSolution
		SolutionGuid = {ECB699FA-AD8F-4F65-B6D5-BFE84DA24CAB}
	EndGlobalSection
EndGlobal
